
Microsoft Visual Studio Solution File, Format Version 12.00
# Visual Studio Version 16
VisualStudioVersion = 16.0.31515.178
MinimumVisualStudioVersion = 10.0.40219.1
Project("{8BC9CEB8-8B4A-11D0-8D11-00A0C91BC942}") = "Test_ObCallback", "Test_ObCallback\Test_ObCallback.vcxproj", "{24F63C8B-3EEB-423A-9023-C8B8D232F9E0}"
EndProject
Project("{8BC9CEB8-8B4A-11D0-8D11-00A0C91BC942}") = "Test_Speed", "Test_Speed\Test_Speed.vcxproj", "{AFD7C967-66E3-406A-A765-E21F74EE435B}"
EndProject
Project("{8BC9CEB8-8B4A-11D0-8D11-00A0C91BC942}") = "Test_Performances", "Test_Performances\Test_Performances.vcxproj", "{BFD26410-3390-4F4D-8253-F0FEB1DA2FB2}"
EndProject
Project("{8BC9CEB8-8B4A-11D0-8D11-00A0C91BC942}") = "Test_Communication", "Test_Communication\Test_Communication.vcxproj", "{CA53F0BF-A2CF-45CF-9E26-EC483CF3417F}"
EndProject
Global
	GlobalSection(SolutionConfigurationPlatforms) = preSolution
		Debug|x64 = Debug|x64
		Debug|x86 = Debug|x86
		Release|x64 = Release|x64
		Release|x86 = Release|x86
	EndGlobalSection
	GlobalSection(ProjectConfigurationPlatforms) = postSolution
		{24F63C8B-3EEB-423A-9023-C8B8D232F9E0}.Debug|x64.ActiveCfg = Debug|x64
		{24F63C8B-3EEB-423A-9023-C8B8D232F9E0}.Debug|x64.Build.0 = Debug|x64
		{24F63C8B-3EEB-423A-9023-C8B8D232F9E0}.Debug|x86.ActiveCfg = Debug|Win32
		{24F63C8B-3EEB-423A-9023-C8B8D232F9E0}.Debug|x86.Build.0 = Debug|Win32
		{24F63C8B-3EEB-423A-9023-C8B8D232F9E0}.Release|x64.ActiveCfg = Release|x64
		{24F63C8B-3EEB-423A-9023-C8B8D232F9E0}.Release|x64.Build.0 = Release|x64
		{24F63C8B-3EEB-423A-9023-C8B8D232F9E0}.Release|x86.ActiveCfg = Release|Win32
		{24F63C8B-3EEB-423A-9023-C8B8D232F9E0}.Release|x86.Build.0 = Release|Win32
		{AFD7C967-66E3-406A-A765-E21F74EE435B}.Debug|x64.ActiveCfg = Debug|x64
		{AFD7C967-66E3-406A-A765-E21F74EE435B}.Debug|x64.Build.0 = Debug|x64
		{AFD7C967-66E3-406A-A765-E21F74EE435B}.Debug|x86.ActiveCfg = Debug|Win32
		{AFD7C967-66E3-406A-A765-E21F74EE435B}.Debug|x86.Build.0 = Debug|Win32
		{AFD7C967-66E3-406A-A765-E21F74EE435B}.Release|x64.ActiveCfg = Release|x64
		{AFD7C967-66E3-406A-A765-E21F74EE435B}.Release|x64.Build.0 = Release|x64
		{AFD7C967-66E3-406A-A765-E21F74EE435B}.Release|x86.ActiveCfg = Release|Win32
		{AFD7C967-66E3-406A-A765-E21F74EE435B}.Release|x86.Build.0 = Release|Win32
		{BFD26410-3390-4F4D-8253-F0FEB1DA2FB2}.Debug|x64.ActiveCfg = Debug|x64
		{BFD26410-3390-4F4D-8253-F0FEB1DA2FB2}.Debug|x64.Build.0 = Debug|x64
		{BFD26410-3390-4F4D-8253-F0FEB1DA2FB2}.Debug|x86.ActiveCfg = Debug|Win32
		{BFD26410-3390-4F4D-8253-F0FEB1DA2FB2}.Debug|x86.Build.0 = Debug|Win32
		{BFD26410-3390-4F4D-8253-F0FEB1DA2FB2}.Release|x64.ActiveCfg = Release|x64
		{BFD26410-3390-4F4D-8253-F0FEB1DA2FB2}.Release|x64.Build.0 = Release|x64
		{BFD26410-3390-4F4D-8253-F0FEB1DA2FB2}.Release|x86.ActiveCfg = Release|Win32
		{BFD26410-3390-4F4D-8253-F0FEB1DA2FB2}.Release|x86.Build.0 = Release|Win32
		{CA53F0BF-A2CF-45CF-9E26-EC483CF3417F}.Debug|x64.ActiveCfg = Debug|x64
		{CA53F0BF-A2CF-45CF-9E26-EC483CF3417F}.Debug|x64.Build.0 = Debug|x64
		{CA53F0BF-A2CF-45CF-9E26-EC483CF3417F}.Debug|x86.ActiveCfg = Debug|Win32
		{CA53F0BF-A2CF-45CF-9E26-EC483CF3417F}.Debug|x86.Build.0 = Debug|Win32
		{CA53F0BF-A2CF-45CF-9E26-EC483CF3417F}.Release|x64.ActiveCfg = Release|x64
		{CA53F0BF-A2CF-45CF-9E26-EC483CF3417F}.Release|x64.Build.0 = Release|x64
		{CA53F0BF-A2CF-45CF-9E26-EC483CF3417F}.Release|x86.ActiveCfg = Release|Win32
		{CA53F0BF-A2CF-45CF-9E26-EC483CF3417F}.Release|x86.Build.0 = Release|Win32
	EndGlobalSection
	GlobalSection(SolutionProperties) = preSolution
		HideSolutionNode = FALSE
	EndGlobalSection
	GlobalSection(ExtensibilityGlobals) = postSolution
		SolutionGuid = {3F851201-F50A-4795-9EAC-072C78B13434}
	EndGlobalSection
EndGlobal
